{
  "name": "cfengine-training",
  "lockfileVersion": 2,
  "requires": true,
  "packages": {
    "": {
      "dependencies": {
        "fs.promises": "^0.1.2"
      }
    },
    "node_modules/fs.promises": {
      "version": "0.1.2",
      "resolved": "https://registry.npmjs.org/fs.promises/-/fs.promises-0.1.2.tgz",
      "integrity": "sha512-LNfkXdN6EToumV455EbdJaNxqLmEFqKqNZVIEyI2whtdpIppTsne2fHWgx05s+B2Aif29Lhzdz0AaOXKLvMGsA==",
      "engines": {
        "node": ">=8.9"
      }
    }
  },
  "dependencies": {
    "fs.promises": {
      "version": "0.1.2",
      "resolved": "https://registry.npmjs.org/fs.promises/-/fs.promises-0.1.2.tgz",
      "integrity": "sha512-LNfkXdN6EToumV455EbdJaNxqLmEFqKqNZVIEyI2whtdpIppTsne2fHWgx05s+B2Aif29Lhzdz0AaOXKLvMGsA=="
    }
  }
}
